
Microsoft Visual Studio Solution File, Format Version 12.00
# Visual Studio 15
VisualStudioVersion = 15.0.27703.2035
MinimumVisualStudioVersion = 10.0.40219.1
Project("{FAE04EC0-301F-11D3-BF4B-00C04F79EFBC}") = "TesteCalendario.Android", "TesteCalendario\TesteCalendario.Android\TesteCalendario.Android.csproj", "{1713B63D-AE66-4F23-91C7-A5E10B65F13B}"
EndProject
Project("{FAE04EC0-301F-11D3-BF4B-00C04F79EFBC}") = "TesteCalendario.iOS", "TesteCalendario\TesteCalendario.iOS\TesteCalendario.iOS.csproj", "{ADAC29B9-F2FF-4EAA-B232-29C9D2C91144}"
EndProject
Project("{FAE04EC0-301F-11D3-BF4B-00C04F79EFBC}") = "TesteCalendario.UWP", "TesteCalendario\TesteCalendario.UWP\TesteCalendario.UWP.csproj", "{B79E062F-70BD-4685-AC50-E191293FC4B5}"
EndProject
Project("{FAE04EC0-301F-11D3-BF4B-00C04F79EFBC}") = "TesteCalendario", "TesteCalendario\TesteCalendario\TesteCalendario.csproj", "{20637467-C291-4FDB-BFCF-58B22CAD9FC7}"
EndProject
Global
	GlobalSection(SolutionConfigurationPlatforms) = preSolution
		Ad-Hoc|Any CPU = Ad-Hoc|Any CPU
		Ad-Hoc|ARM = Ad-Hoc|ARM
		Ad-Hoc|iPhone = Ad-Hoc|iPhone
		Ad-Hoc|iPhoneSimulator = Ad-Hoc|iPhoneSimulator
		Ad-Hoc|x64 = Ad-Hoc|x64
		Ad-Hoc|x86 = Ad-Hoc|x86
		AppStore|Any CPU = AppStore|Any CPU
		AppStore|ARM = AppStore|ARM
		AppStore|iPhone = AppStore|iPhone
		AppStore|iPhoneSimulator = AppStore|iPhoneSimulator
		AppStore|x64 = AppStore|x64
		AppStore|x86 = AppStore|x86
		Debug|Any CPU = Debug|Any CPU
		Debug|ARM = Debug|ARM
		Debug|iPhone = Debug|iPhone
		Debug|iPhoneSimulator = Debug|iPhoneSimulator
		Debug|x64 = Debug|x64
		Debug|x86 = Debug|x86
		Release|Any CPU = Release|Any CPU
		Release|ARM = Release|ARM
		Release|iPhone = Release|iPhone
		Release|iPhoneSimulator = Release|iPhoneSimulator
		Release|x64 = Release|x64
		Release|x86 = Release|x86
	EndGlobalSection
	GlobalSection(ProjectConfigurationPlatforms) = postSolution
		{1713B63D-AE66-4F23-91C7-A5E10B65F13B}.Ad-Hoc|Any CPU.ActiveCfg = Release|Any CPU
		{1713B63D-AE66-4F23-91C7-A5E10B65F13B}.Ad-Hoc|Any CPU.Build.0 = Release|Any CPU
		{1713B63D-AE66-4F23-91C7-A5E10B65F13B}.Ad-Hoc|Any CPU.Deploy.0 = Release|Any CPU
		{1713B63D-AE66-4F23-91C7-A5E10B65F13B}.Ad-Hoc|ARM.ActiveCfg = Release|Any CPU
		{1713B63D-AE66-4F23-91C7-A5E10B65F13B}.Ad-Hoc|ARM.Build.0 = Release|Any CPU
		{1713B63D-AE66-4F23-91C7-A5E10B65F13B}.Ad-Hoc|ARM.Deploy.0 = Release|Any CPU
		{1713B63D-AE66-4F23-91C7-A5E10B65F13B}.Ad-Hoc|iPhone.ActiveCfg = Release|Any CPU
		{1713B63D-AE66-4F23-91C7-A5E10B65F13B}.Ad-Hoc|iPhone.Build.0 = Release|Any CPU
		{1713B63D-AE66-4F23-91C7-A5E10B65F13B}.Ad-Hoc|iPhone.Deploy.0 = Release|Any CPU
		{1713B63D-AE66-4F23-91C7-A5E10B65F13B}.Ad-Hoc|iPhoneSimulator.ActiveCfg = Release|Any CPU
		{1713B63D-AE66-4F23-91C7-A5E10B65F13B}.Ad-Hoc|iPhoneSimulator.Build.0 = Release|Any CPU
		{1713B63D-AE66-4F23-91C7-A5E10B65F13B}.Ad-Hoc|iPhoneSimulator.Deploy.0 = Release|Any CPU
		{1713B63D-AE66-4F23-91C7-A5E10B65F13B}.Ad-Hoc|x64.ActiveCfg = Release|Any CPU
		{1713B63D-AE66-4F23-91C7-A5E10B65F13B}.Ad-Hoc|x64.Build.0 = Release|Any CPU
		{1713B63D-AE66-4F23-91C7-A5E10B65F13B}.Ad-Hoc|x64.Deploy.0 = Release|Any CPU
		{1713B63D-AE66-4F23-91C7-A5E10B65F13B}.Ad-Hoc|x86.ActiveCfg = Release|Any CPU
		{1713B63D-AE66-4F23-91C7-A5E10B65F13B}.Ad-Hoc|x86.Build.0 = Release|Any CPU
		{1713B63D-AE66-4F23-91C7-A5E10B65F13B}.Ad-Hoc|x86.Deploy.0 = Release|Any CPU
		{1713B63D-AE66-4F23-91C7-A5E10B65F13B}.AppStore|Any CPU.ActiveCfg = Release|Any CPU
		{1713B63D-AE66-4F23-91C7-A5E10B65F13B}.AppStore|Any CPU.Build.0 = Release|Any CPU
		{1713B63D-AE66-4F23-91C7-A5E10B65F13B}.AppStore|Any CPU.Deploy.0 = Release|Any CPU
		{1713B63D-AE66-4F23-91C7-A5E10B65F13B}.AppStore|ARM.ActiveCfg = Release|Any CPU
		{1713B63D-AE66-4F23-91C7-A5E10B65F13B}.AppStore|ARM.Build.0 = Release|Any CPU
		{1713B63D-AE66-4F23-91C7-A5E10B65F13B}.AppStore|ARM.Deploy.0 = Release|Any CPU
		{1713B63D-AE66-4F23-91C7-A5E10B65F13B}.AppStore|iPhone.ActiveCfg = Release|Any CPU
		{1713B63D-AE66-4F23-91C7-A5E10B65F13B}.AppStore|iPhone.Build.0 = Release|Any CPU
		{1713B63D-AE66-4F23-91C7-A5E10B65F13B}.AppStore|iPhone.Deploy.0 = Release|Any CPU
		{1713B63D-AE66-4F23-91C7-A5E10B65F13B}.AppStore|iPhoneSimulator.ActiveCfg = Release|Any CPU
		{1713B63D-AE66-4F23-91C7-A5E10B65F13B}.AppStore|iPhoneSimulator.Build.0 = Release|Any CPU
		{1713B63D-AE66-4F23-91C7-A5E10B65F13B}.AppStore|iPhoneSimulator.Deploy.0 = Release|Any CPU
		{1713B63D-AE66-4F23-91C7-A5E10B65F13B}.AppStore|x64.ActiveCfg = Release|Any CPU
		{1713B63D-AE66-4F23-91C7-A5E10B65F13B}.AppStore|x64.Build.0 = Release|Any CPU
		{1713B63D-AE66-4F23-91C7-A5E10B65F13B}.AppStore|x64.Deploy.0 = Release|Any CPU
		{1713B63D-AE66-4F23-91C7-A5E10B65F13B}.AppStore|x86.ActiveCfg = Release|Any CPU
		{1713B63D-AE66-4F23-91C7-A5E10B65F13B}.AppStore|x86.Build.0 = Release|Any CPU
		{1713B63D-AE66-4F23-91C7-A5E10B65F13B}.AppStore|x86.Deploy.0 = Release|Any CPU
		{1713B63D-AE66-4F23-91C7-A5E10B65F13B}.Debug|Any CPU.ActiveCfg = Debug|Any CPU
		{1713B63D-AE66-4F23-91C7-A5E10B65F13B}.Debug|Any CPU.Build.0 = Debug|Any CPU
		{1713B63D-AE66-4F23-91C7-A5E10B65F13B}.Debug|Any CPU.Deploy.0 = Debug|Any CPU
		{1713B63D-AE66-4F23-91C7-A5E10B65F13B}.Debug|ARM.ActiveCfg = Debug|Any CPU
		{1713B63D-AE66-4F23-91C7-A5E10B65F13B}.Debug|ARM.Build.0 = Debug|Any CPU
		{1713B63D-AE66-4F23-91C7-A5E10B65F13B}.Debug|ARM.Deploy.0 = Debug|Any CPU
		{1713B63D-AE66-4F23-91C7-A5E10B65F13B}.Debug|iPhone.ActiveCfg = Debug|Any CPU
		{1713B63D-AE66-4F23-91C7-A5E10B65F13B}.Debug|iPhone.Build.0 = Debug|Any CPU
		{1713B63D-AE66-4F23-91C7-A5E10B65F13B}.Debug|iPhone.Deploy.0 = Debug|Any CPU
		{1713B63D-AE66-4F23-91C7-A5E10B65F13B}.Debug|iPhoneSimulator.ActiveCfg = Debug|Any CPU
		{1713B63D-AE66-4F23-91C7-A5E10B65F13B}.Debug|iPhoneSimulator.Build.0 = Debug|Any CPU
		{1713B63D-AE66-4F23-91C7-A5E10B65F13B}.Debug|iPhoneSimulator.Deploy.0 = Debug|Any CPU
		{1713B63D-AE66-4F23-91C7-A5E10B65F13B}.Debug|x64.ActiveCfg = Debug|Any CPU
		{1713B63D-AE66-4F23-91C7-A5E10B65F13B}.Debug|x64.Build.0 = Debug|Any CPU
		{1713B63D-AE66-4F23-91C7-A5E10B65F13B}.Debug|x64.Deploy.0 = Debug|Any CPU
		{1713B63D-AE66-4F23-91C7-A5E10B65F13B}.Debug|x86.ActiveCfg = Debug|Any CPU
		{1713B63D-AE66-4F23-91C7-A5E10B65F13B}.Debug|x86.Build.0 = Debug|Any CPU
		{1713B63D-AE66-4F23-91C7-A5E10B65F13B}.Debug|x86.Deploy.0 = Debug|Any CPU
		{1713B63D-AE66-4F23-91C7-A5E10B65F13B}.Release|Any CPU.ActiveCfg = Release|Any CPU
		{1713B63D-AE66-4F23-91C7-A5E10B65F13B}.Release|Any CPU.Build.0 = Release|Any CPU
		{1713B63D-AE66-4F23-91C7-A5E10B65F13B}.Release|Any CPU.Deploy.0 = Release|Any CPU
		{1713B63D-AE66-4F23-91C7-A5E10B65F13B}.Release|ARM.ActiveCfg = Release|Any CPU
		{1713B63D-AE66-4F23-91C7-A5E10B65F13B}.Release|ARM.Build.0 = Release|Any CPU
		{1713B63D-AE66-4F23-91C7-A5E10B65F13B}.Release|ARM.Deploy.0 = Release|Any CPU
		{1713B63D-AE66-4F23-91C7-A5E10B65F13B}.Release|iPhone.ActiveCfg = Release|Any CPU
		{1713B63D-AE66-4F23-91C7-A5E10B65F13B}.Release|iPhone.Build.0 = Release|Any CPU
		{1713B63D-AE66-4F23-91C7-A5E10B65F13B}.Release|iPhone.Deploy.0 = Release|Any CPU
		{1713B63D-AE66-4F23-91C7-A5E10B65F13B}.Release|iPhoneSimulator.ActiveCfg = Release|Any CPU
		{1713B63D-AE66-4F23-91C7-A5E10B65F13B}.Release|iPhoneSimulator.Build.0 = Release|Any CPU
		{1713B63D-AE66-4F23-91C7-A5E10B65F13B}.Release|iPhoneSimulator.Deploy.0 = Release|Any CPU
		{1713B63D-AE66-4F23-91C7-A5E10B65F13B}.Release|x64.ActiveCfg = Release|Any CPU
		{1713B63D-AE66-4F23-91C7-A5E10B65F13B}.Release|x64.Build.0 = Release|Any CPU
		{1713B63D-AE66-4F23-91C7-A5E10B65F13B}.Release|x64.Deploy.0 = Release|Any CPU
		{1713B63D-AE66-4F23-91C7-A5E10B65F13B}.Release|x86.ActiveCfg = Release|Any CPU
		{1713B63D-AE66-4F23-91C7-A5E10B65F13B}.Release|x86.Build.0 = Release|Any CPU
		{1713B63D-AE66-4F23-91C7-A5E10B65F13B}.Release|x86.Deploy.0 = Release|Any CPU
		{ADAC29B9-F2FF-4EAA-B232-29C9D2C91144}.Ad-Hoc|Any CPU.ActiveCfg = Ad-Hoc|iPhone
		{ADAC29B9-F2FF-4EAA-B232-29C9D2C91144}.Ad-Hoc|Any CPU.Build.0 = Ad-Hoc|iPhone
		{ADAC29B9-F2FF-4EAA-B232-29C9D2C91144}.Ad-Hoc|Any CPU.Deploy.0 = Ad-Hoc|iPhone
		{ADAC29B9-F2FF-4EAA-B232-29C9D2C91144}.Ad-Hoc|ARM.ActiveCfg = Ad-Hoc|iPhone
		{ADAC29B9-F2FF-4EAA-B232-29C9D2C91144}.Ad-Hoc|ARM.Build.0 = Ad-Hoc|iPhone
		{ADAC29B9-F2FF-4EAA-B232-29C9D2C91144}.Ad-Hoc|ARM.Deploy.0 = Ad-Hoc|iPhone
		{ADAC29B9-F2FF-4EAA-B232-29C9D2C91144}.Ad-Hoc|iPhone.ActiveCfg = Ad-Hoc|iPhone
		{ADAC29B9-F2FF-4EAA-B232-29C9D2C91144}.Ad-Hoc|iPhone.Build.0 = Ad-Hoc|iPhone
		{ADAC29B9-F2FF-4EAA-B232-29C9D2C91144}.Ad-Hoc|iPhone.Deploy.0 = Ad-Hoc|iPhone
		{ADAC29B9-F2FF-4EAA-B232-29C9D2C91144}.Ad-Hoc|iPhoneSimulator.ActiveCfg = Ad-Hoc|iPhoneSimulator
		{ADAC29B9-F2FF-4EAA-B232-29C9D2C91144}.Ad-Hoc|iPhoneSimulator.Build.0 = Ad-Hoc|iPhoneSimulator
		{ADAC29B9-F2FF-4EAA-B232-29C9D2C91144}.Ad-Hoc|iPhoneSimulator.Deploy.0 = Ad-Hoc|iPhoneSimulator
		{ADAC29B9-F2FF-4EAA-B232-29C9D2C91144}.Ad-Hoc|x64.ActiveCfg = Ad-Hoc|iPhone
		{ADAC29B9-F2FF-4EAA-B232-29C9D2C91144}.Ad-Hoc|x64.Build.0 = Ad-Hoc|iPhone
		{ADAC29B9-F2FF-4EAA-B232-29C9D2C91144}.Ad-Hoc|x64.Deploy.0 = Ad-Hoc|iPhone
		{ADAC29B9-F2FF-4EAA-B232-29C9D2C91144}.Ad-Hoc|x86.ActiveCfg = Ad-Hoc|iPhone
		{ADAC29B9-F2FF-4EAA-B232-29C9D2C91144}.Ad-Hoc|x86.Build.0 = Ad-Hoc|iPhone
		{ADAC29B9-F2FF-4EAA-B232-29C9D2C91144}.Ad-Hoc|x86.Deploy.0 = Ad-Hoc|iPhone
		{ADAC29B9-F2FF-4EAA-B232-29C9D2C91144}.AppStore|Any CPU.ActiveCfg = AppStore|iPhone
		{ADAC29B9-F2FF-4EAA-B232-29C9D2C91144}.AppStore|Any CPU.Build.0 = AppStore|iPhone
		{ADAC29B9-F2FF-4EAA-B232-29C9D2C91144}.AppStore|Any CPU.Deploy.0 = AppStore|iPhone
		{ADAC29B9-F2FF-4EAA-B232-29C9D2C91144}.AppStore|ARM.ActiveCfg = AppStore|iPhone
		{ADAC29B9-F2FF-4EAA-B232-29C9D2C91144}.AppStore|ARM.Build.0 = AppStore|iPhone
		{ADAC29B9-F2FF-4EAA-B232-29C9D2C91144}.AppStore|ARM.Deploy.0 = AppStore|iPhone
		{ADAC29B9-F2FF-4EAA-B232-29C9D2C91144}.AppStore|iPhone.ActiveCfg = AppStore|iPhone
		{ADAC29B9-F2FF-4EAA-B232-29C9D2C91144}.AppStore|iPhone.Build.0 = AppStore|iPhone
		{ADAC29B9-F2FF-4EAA-B232-29C9D2C91144}.AppStore|iPhone.Deploy.0 = AppStore|iPhone
		{ADAC29B9-F2FF-4EAA-B232-29C9D2C91144}.AppStore|iPhoneSimulator.ActiveCfg = AppStore|iPhoneSimulator
		{ADAC29B9-F2FF-4EAA-B232-29C9D2C91144}.AppStore|iPhoneSimulator.Build.0 = AppStore|iPhoneSimulator
		{ADAC29B9-F2FF-4EAA-B232-29C9D2C91144}.AppStore|iPhoneSimulator.Deploy.0 = AppStore|iPhoneSimulator
		{ADAC29B9-F2FF-4EAA-B232-29C9D2C91144}.AppStore|x64.ActiveCfg = AppStore|iPhone
		{ADAC29B9-F2FF-4EAA-B232-29C9D2C91144}.AppStore|x64.Build.0 = AppStore|iPhone
		{ADAC29B9-F2FF-4EAA-B232-29C9D2C91144}.AppStore|x64.Deploy.0 = AppStore|iPhone
		{ADAC29B9-F2FF-4EAA-B232-29C9D2C91144}.AppStore|x86.ActiveCfg = AppStore|iPhone
		{ADAC29B9-F2FF-4EAA-B232-29C9D2C91144}.AppStore|x86.Build.0 = AppStore|iPhone
		{ADAC29B9-F2FF-4EAA-B232-29C9D2C91144}.AppStore|x86.Deploy.0 = AppStore|iPhone
		{ADAC29B9-F2FF-4EAA-B232-29C9D2C91144}.Debug|Any CPU.ActiveCfg = Debug|iPhoneSimulator
		{ADAC29B9-F2FF-4EAA-B232-29C9D2C91144}.Debug|Any CPU.Build.0 = Debug|iPhoneSimulator
		{ADAC29B9-F2FF-4EAA-B232-29C9D2C91144}.Debug|Any CPU.Deploy.0 = Debug|iPhoneSimulator
		{ADAC29B9-F2FF-4EAA-B232-29C9D2C91144}.Debug|ARM.ActiveCfg = Debug|iPhone
		{ADAC29B9-F2FF-4EAA-B232-29C9D2C91144}.Debug|ARM.Build.0 = Debug|iPhone
		{ADAC29B9-F2FF-4EAA-B232-29C9D2C91144}.Debug|ARM.Deploy.0 = Debug|iPhone
		{ADAC29B9-F2FF-4EAA-B232-29C9D2C91144}.Debug|iPhone.ActiveCfg = Debug|iPhone
		{ADAC29B9-F2FF-4EAA-B232-29C9D2C91144}.Debug|iPhone.Build.0 = Debug|iPhone
		{ADAC29B9-F2FF-4EAA-B232-29C9D2C91144}.Debug|iPhone.Deploy.0 = Debug|iPhone
		{ADAC29B9-F2FF-4EAA-B232-29C9D2C91144}.Debug|iPhoneSimulator.ActiveCfg = Debug|iPhoneSimulator
		{ADAC29B9-F2FF-4EAA-B232-29C9D2C91144}.Debug|iPhoneSimulator.Build.0 = Debug|iPhoneSimulator
		{ADAC29B9-F2FF-4EAA-B232-29C9D2C91144}.Debug|iPhoneSimulator.Deploy.0 = Debug|iPhoneSimulator
		{ADAC29B9-F2FF-4EAA-B232-29C9D2C91144}.Debug|x64.ActiveCfg = Debug|iPhone
		{ADAC29B9-F2FF-4EAA-B232-29C9D2C91144}.Debug|x64.Build.0 = Debug|iPhone
		{ADAC29B9-F2FF-4EAA-B232-29C9D2C91144}.Debug|x64.Deploy.0 = Debug|iPhone
		{ADAC29B9-F2FF-4EAA-B232-29C9D2C91144}.Debug|x86.ActiveCfg = Debug|iPhone
		{ADAC29B9-F2FF-4EAA-B232-29C9D2C91144}.Debug|x86.Build.0 = Debug|iPhone
		{ADAC29B9-F2FF-4EAA-B232-29C9D2C91144}.Debug|x86.Deploy.0 = Debug|iPhone
		{ADAC29B9-F2FF-4EAA-B232-29C9D2C91144}.Release|Any CPU.ActiveCfg = Release|iPhone
		{ADAC29B9-F2FF-4EAA-B232-29C9D2C91144}.Release|Any CPU.Build.0 = Release|iPhone
		{ADAC29B9-F2FF-4EAA-B232-29C9D2C91144}.Release|Any CPU.Deploy.0 = Release|iPhone
		{ADAC29B9-F2FF-4EAA-B232-29C9D2C91144}.Release|ARM.ActiveCfg = Release|iPhone
		{ADAC29B9-F2FF-4EAA-B232-29C9D2C91144}.Release|ARM.Build.0 = Release|iPhone
		{ADAC29B9-F2FF-4EAA-B232-29C9D2C91144}.Release|ARM.Deploy.0 = Release|iPhone
		{ADAC29B9-F2FF-4EAA-B232-29C9D2C91144}.Release|iPhone.ActiveCfg = Release|iPhone
		{ADAC29B9-F2FF-4EAA-B232-29C9D2C91144}.Release|iPhone.Build.0 = Release|iPhone
		{ADAC29B9-F2FF-4EAA-B232-29C9D2C91144}.Release|iPhone.Deploy.0 = Release|iPhone
		{ADAC29B9-F2FF-4EAA-B232-29C9D2C91144}.Release|iPhoneSimulator.ActiveCfg = Release|iPhoneSimulator
		{ADAC29B9-F2FF-4EAA-B232-29C9D2C91144}.Release|iPhoneSimulator.Build.0 = Release|iPhoneSimulator
		{ADAC29B9-F2FF-4EAA-B232-29C9D2C91144}.Release|iPhoneSimulator.Deploy.0 = Release|iPhoneSimulator
		{ADAC29B9-F2FF-4EAA-B232-29C9D2C91144}.Release|x64.ActiveCfg = Release|iPhone
		{ADAC29B9-F2FF-4EAA-B232-29C9D2C91144}.Release|x64.Build.0 = Release|iPhone
		{ADAC29B9-F2FF-4EAA-B232-29C9D2C91144}.Release|x64.Deploy.0 = Release|iPhone
		{ADAC29B9-F2FF-4EAA-B232-29C9D2C91144}.Release|x86.ActiveCfg = Release|iPhone
		{ADAC29B9-F2FF-4EAA-B232-29C9D2C91144}.Release|x86.Build.0 = Release|iPhone
		{ADAC29B9-F2FF-4EAA-B232-29C9D2C91144}.Release|x86.Deploy.0 = Release|iPhone
		{B79E062F-70BD-4685-AC50-E191293FC4B5}.Ad-Hoc|Any CPU.ActiveCfg = Release|x86
		{B79E062F-70BD-4685-AC50-E191293FC4B5}.Ad-Hoc|Any CPU.Build.0 = Release|x86
		{B79E062F-70BD-4685-AC50-E191293FC4B5}.Ad-Hoc|Any CPU.Deploy.0 = Release|x86
		{B79E062F-70BD-4685-AC50-E191293FC4B5}.Ad-Hoc|ARM.ActiveCfg = Release|ARM
		{B79E062F-70BD-4685-AC50-E191293FC4B5}.Ad-Hoc|ARM.Build.0 = Release|ARM
		{B79E062F-70BD-4685-AC50-E191293FC4B5}.Ad-Hoc|ARM.Deploy.0 = Release|ARM
		{B79E062F-70BD-4685-AC50-E191293FC4B5}.Ad-Hoc|iPhone.ActiveCfg = Release|x86
		{B79E062F-70BD-4685-AC50-E191293FC4B5}.Ad-Hoc|iPhone.Build.0 = Release|x86
		{B79E062F-70BD-4685-AC50-E191293FC4B5}.Ad-Hoc|iPhone.Deploy.0 = Release|x86
		{B79E062F-70BD-4685-AC50-E191293FC4B5}.Ad-Hoc|iPhoneSimulator.ActiveCfg = Release|x86
		{B79E062F-70BD-4685-AC50-E191293FC4B5}.Ad-Hoc|iPhoneSimulator.Build.0 = Release|x86
		{B79E062F-70BD-4685-AC50-E191293FC4B5}.Ad-Hoc|iPhoneSimulator.Deploy.0 = Release|x86
		{B79E062F-70BD-4685-AC50-E191293FC4B5}.Ad-Hoc|x64.ActiveCfg = Release|x64
		{B79E062F-70BD-4685-AC50-E191293FC4B5}.Ad-Hoc|x64.Build.0 = Release|x64
		{B79E062F-70BD-4685-AC50-E191293FC4B5}.Ad-Hoc|x64.Deploy.0 = Release|x64
		{B79E062F-70BD-4685-AC50-E191293FC4B5}.Ad-Hoc|x86.ActiveCfg = Release|x86
		{B79E062F-70BD-4685-AC50-E191293FC4B5}.Ad-Hoc|x86.Build.0 = Release|x86
		{B79E062F-70BD-4685-AC50-E191293FC4B5}.Ad-Hoc|x86.Deploy.0 = Release|x86
		{B79E062F-70BD-4685-AC50-E191293FC4B5}.AppStore|Any CPU.ActiveCfg = Release|x86
		{B79E062F-70BD-4685-AC50-E191293FC4B5}.AppStore|Any CPU.Build.0 = Release|x86
		{B79E062F-70BD-4685-AC50-E191293FC4B5}.AppStore|Any CPU.Deploy.0 = Release|x86
		{B79E062F-70BD-4685-AC50-E191293FC4B5}.AppStore|ARM.ActiveCfg = Release|ARM
		{B79E062F-70BD-4685-AC50-E191293FC4B5}.AppStore|ARM.Build.0 = Release|ARM
		{B79E062F-70BD-4685-AC50-E191293FC4B5}.AppStore|ARM.Deploy.0 = Release|ARM
		{B79E062F-70BD-4685-AC50-E191293FC4B5}.AppStore|iPhone.ActiveCfg = Release|x86
		{B79E062F-70BD-4685-AC50-E191293FC4B5}.AppStore|iPhone.Build.0 = Release|x86
		{B79E062F-70BD-4685-AC50-E191293FC4B5}.AppStore|iPhone.Deploy.0 = Release|x86
		{B79E062F-70BD-4685-AC50-E191293FC4B5}.AppStore|iPhoneSimulator.ActiveCfg = Release|x86
		{B79E062F-70BD-4685-AC50-E191293FC4B5}.AppStore|iPhoneSimulator.Build.0 = Release|x86
		{B79E062F-70BD-4685-AC50-E191293FC4B5}.AppStore|iPhoneSimulator.Deploy.0 = Release|x86
		{B79E062F-70BD-4685-AC50-E191293FC4B5}.AppStore|x64.ActiveCfg = Release|x64
		{B79E062F-70BD-4685-AC50-E191293FC4B5}.AppStore|x64.Build.0 = Release|x64
		{B79E062F-70BD-4685-AC50-E191293FC4B5}.AppStore|x64.Deploy.0 = Release|x64
		{B79E062F-70BD-4685-AC50-E191293FC4B5}.AppStore|x86.ActiveCfg = Release|x86
		{B79E062F-70BD-4685-AC50-E191293FC4B5}.AppStore|x86.Build.0 = Release|x86
		{B79E062F-70BD-4685-AC50-E191293FC4B5}.AppStore|x86.Deploy.0 = Release|x86
		{B79E062F-70BD-4685-AC50-E191293FC4B5}.Debug|Any CPU.ActiveCfg = Debug|x86
		{B79E062F-70BD-4685-AC50-E191293FC4B5}.Debug|Any CPU.Build.0 = Debug|x86
		{B79E062F-70BD-4685-AC50-E191293FC4B5}.Debug|Any CPU.Deploy.0 = Debug|x86
		{B79E062F-70BD-4685-AC50-E191293FC4B5}.Debug|ARM.ActiveCfg = Debug|ARM
		{B79E062F-70BD-4685-AC50-E191293FC4B5}.Debug|ARM.Build.0 = Debug|ARM
		{B79E062F-70BD-4685-AC50-E191293FC4B5}.Debug|ARM.Deploy.0 = Debug|ARM
		{B79E062F-70BD-4685-AC50-E191293FC4B5}.Debug|iPhone.ActiveCfg = Debug|x86
		{B79E062F-70BD-4685-AC50-E191293FC4B5}.Debug|iPhone.Build.0 = Debug|x86
		{B79E062F-70BD-4685-AC50-E191293FC4B5}.Debug|iPhone.Deploy.0 = Debug|x86
		{B79E062F-70BD-4685-AC50-E191293FC4B5}.Debug|iPhoneSimulator.ActiveCfg = Debug|x86
		{B79E062F-70BD-4685-AC50-E191293FC4B5}.Debug|iPhoneSimulator.Build.0 = Debug|x86
		{B79E062F-70BD-4685-AC50-E191293FC4B5}.Debug|iPhoneSimulator.Deploy.0 = Debug|x86
		{B79E062F-70BD-4685-AC50-E191293FC4B5}.Debug|x64.ActiveCfg = Debug|x64
		{B79E062F-70BD-4685-AC50-E191293FC4B5}.Debug|x64.Build.0 = Debug|x64
		{B79E062F-70BD-4685-AC50-E191293FC4B5}.Debug|x64.Deploy.0 = Debug|x64
		{B79E062F-70BD-4685-AC50-E191293FC4B5}.Debug|x86.ActiveCfg = Debug|x86
		{B79E062F-70BD-4685-AC50-E191293FC4B5}.Debug|x86.Build.0 = Debug|x86
		{B79E062F-70BD-4685-AC50-E191293FC4B5}.Debug|x86.Deploy.0 = Debug|x86
		{B79E062F-70BD-4685-AC50-E191293FC4B5}.Release|Any CPU.ActiveCfg = Release|x86
		{B79E062F-70BD-4685-AC50-E191293FC4B5}.Release|Any CPU.Build.0 = Release|x86
		{B79E062F-70BD-4685-AC50-E191293FC4B5}.Release|Any CPU.Deploy.0 = Release|x86
		{B79E062F-70BD-4685-AC50-E191293FC4B5}.Release|ARM.ActiveCfg = Release|ARM
		{B79E062F-70BD-4685-AC50-E191293FC4B5}.Release|ARM.Build.0 = Release|ARM
		{B79E062F-70BD-4685-AC50-E191293FC4B5}.Release|ARM.Deploy.0 = Release|ARM
		{B79E062F-70BD-4685-AC50-E191293FC4B5}.Release|iPhone.ActiveCfg = Release|x86
		{B79E062F-70BD-4685-AC50-E191293FC4B5}.Release|iPhone.Build.0 = Release|x86
		{B79E062F-70BD-4685-AC50-E191293FC4B5}.Release|iPhone.Deploy.0 = Release|x86
		{B79E062F-70BD-4685-AC50-E191293FC4B5}.Release|iPhoneSimulator.ActiveCfg = Release|x86
		{B79E062F-70BD-4685-AC50-E191293FC4B5}.Release|iPhoneSimulator.Build.0 = Release|x86
		{B79E062F-70BD-4685-AC50-E191293FC4B5}.Release|iPhoneSimulator.Deploy.0 = Release|x86
		{B79E062F-70BD-4685-AC50-E191293FC4B5}.Release|x64.ActiveCfg = Release|x64
		{B79E062F-70BD-4685-AC50-E191293FC4B5}.Release|x64.Build.0 = Release|x64
		{B79E062F-70BD-4685-AC50-E191293FC4B5}.Release|x64.Deploy.0 = Release|x64
		{B79E062F-70BD-4685-AC50-E191293FC4B5}.Release|x86.ActiveCfg = Release|x86
		{B79E062F-70BD-4685-AC50-E191293FC4B5}.Release|x86.Build.0 = Release|x86
		{B79E062F-70BD-4685-AC50-E191293FC4B5}.Release|x86.Deploy.0 = Release|x86
		{20637467-C291-4FDB-BFCF-58B22CAD9FC7}.Ad-Hoc|Any CPU.ActiveCfg = Debug|Any CPU
		{20637467-C291-4FDB-BFCF-58B22CAD9FC7}.Ad-Hoc|Any CPU.Build.0 = Debug|Any CPU
		{20637467-C291-4FDB-BFCF-58B22CAD9FC7}.Ad-Hoc|Any CPU.Deploy.0 = Debug|Any CPU
		{20637467-C291-4FDB-BFCF-58B22CAD9FC7}.Ad-Hoc|ARM.ActiveCfg = Debug|Any CPU
		{20637467-C291-4FDB-BFCF-58B22CAD9FC7}.Ad-Hoc|ARM.Build.0 = Debug|Any CPU
		{20637467-C291-4FDB-BFCF-58B22CAD9FC7}.Ad-Hoc|ARM.Deploy.0 = Debug|Any CPU
		{20637467-C291-4FDB-BFCF-58B22CAD9FC7}.Ad-Hoc|iPhone.ActiveCfg = Debug|Any CPU
		{20637467-C291-4FDB-BFCF-58B22CAD9FC7}.Ad-Hoc|iPhone.Build.0 = Debug|Any CPU
		{20637467-C291-4FDB-BFCF-58B22CAD9FC7}.Ad-Hoc|iPhone.Deploy.0 = Debug|Any CPU
		{20637467-C291-4FDB-BFCF-58B22CAD9FC7}.Ad-Hoc|iPhoneSimulator.ActiveCfg = Debug|Any CPU
		{20637467-C291-4FDB-BFCF-58B22CAD9FC7}.Ad-Hoc|iPhoneSimulator.Build.0 = Debug|Any CPU
		{20637467-C291-4FDB-BFCF-58B22CAD9FC7}.Ad-Hoc|iPhoneSimulator.Deploy.0 = Debug|Any CPU
		{20637467-C291-4FDB-BFCF-58B22CAD9FC7}.Ad-Hoc|x64.ActiveCfg = Debug|Any CPU
		{20637467-C291-4FDB-BFCF-58B22CAD9FC7}.Ad-Hoc|x64.Build.0 = Debug|Any CPU
		{20637467-C291-4FDB-BFCF-58B22CAD9FC7}.Ad-Hoc|x64.Deploy.0 = Debug|Any CPU
		{20637467-C291-4FDB-BFCF-58B22CAD9FC7}.Ad-Hoc|x86.ActiveCfg = Debug|Any CPU
		{20637467-C291-4FDB-BFCF-58B22CAD9FC7}.Ad-Hoc|x86.Build.0 = Debug|Any CPU
		{20637467-C291-4FDB-BFCF-58B22CAD9FC7}.Ad-Hoc|x86.Deploy.0 = Debug|Any CPU
		{20637467-C291-4FDB-BFCF-58B22CAD9FC7}.AppStore|Any CPU.ActiveCfg = Debug|Any CPU
		{20637467-C291-4FDB-BFCF-58B22CAD9FC7}.AppStore|Any CPU.Build.0 = Debug|Any CPU
		{20637467-C291-4FDB-BFCF-58B22CAD9FC7}.AppStore|Any CPU.Deploy.0 = Debug|Any CPU
		{20637467-C291-4FDB-BFCF-58B22CAD9FC7}.AppStore|ARM.ActiveCfg = Debug|Any CPU
		{20637467-C291-4FDB-BFCF-58B22CAD9FC7}.AppStore|ARM.Build.0 = Debug|Any CPU
		{20637467-C291-4FDB-BFCF-58B22CAD9FC7}.AppStore|ARM.Deploy.0 = Debug|Any CPU
		{20637467-C291-4FDB-BFCF-58B22CAD9FC7}.AppStore|iPhone.ActiveCfg = Debug|Any CPU
		{20637467-C291-4FDB-BFCF-58B22CAD9FC7}.AppStore|iPhone.Build.0 = Debug|Any CPU
		{20637467-C291-4FDB-BFCF-58B22CAD9FC7}.AppStore|iPhone.Deploy.0 = Debug|Any CPU
		{20637467-C291-4FDB-BFCF-58B22CAD9FC7}.AppStore|iPhoneSimulator.ActiveCfg = Debug|Any CPU
		{20637467-C291-4FDB-BFCF-58B22CAD9FC7}.AppStore|iPhoneSimulator.Build.0 = Debug|Any CPU
		{20637467-C291-4FDB-BFCF-58B22CAD9FC7}.AppStore|iPhoneSimulator.Deploy.0 = Debug|Any CPU
		{20637467-C291-4FDB-BFCF-58B22CAD9FC7}.AppStore|x64.ActiveCfg = Debug|Any CPU
		{20637467-C291-4FDB-BFCF-58B22CAD9FC7}.AppStore|x64.Build.0 = Debug|Any CPU
		{20637467-C291-4FDB-BFCF-58B22CAD9FC7}.AppStore|x64.Deploy.0 = Debug|Any CPU
		{20637467-C291-4FDB-BFCF-58B22CAD9FC7}.AppStore|x86.ActiveCfg = Debug|Any CPU
		{20637467-C291-4FDB-BFCF-58B22CAD9FC7}.AppStore|x86.Build.0 = Debug|Any CPU
		{20637467-C291-4FDB-BFCF-58B22CAD9FC7}.AppStore|x86.Deploy.0 = Debug|Any CPU
		{20637467-C291-4FDB-BFCF-58B22CAD9FC7}.Debug|Any CPU.ActiveCfg = Debug|Any CPU
		{20637467-C291-4FDB-BFCF-58B22CAD9FC7}.Debug|Any CPU.Build.0 = Debug|Any CPU
		{20637467-C291-4FDB-BFCF-58B22CAD9FC7}.Debug|Any CPU.Deploy.0 = Debug|Any CPU
		{20637467-C291-4FDB-BFCF-58B22CAD9FC7}.Debug|ARM.ActiveCfg = Debug|Any CPU
		{20637467-C291-4FDB-BFCF-58B22CAD9FC7}.Debug|ARM.Build.0 = Debug|Any CPU
		{20637467-C291-4FDB-BFCF-58B22CAD9FC7}.Debug|ARM.Deploy.0 = Debug|Any CPU
		{20637467-C291-4FDB-BFCF-58B22CAD9FC7}.Debug|iPhone.ActiveCfg = Debug|Any CPU
		{20637467-C291-4FDB-BFCF-58B22CAD9FC7}.Debug|iPhone.Build.0 = Debug|Any CPU
		{20637467-C291-4FDB-BFCF-58B22CAD9FC7}.Debug|iPhone.Deploy.0 = Debug|Any CPU
		{20637467-C291-4FDB-BFCF-58B22CAD9FC7}.Debug|iPhoneSimulator.ActiveCfg = Debug|Any CPU
		{20637467-C291-4FDB-BFCF-58B22CAD9FC7}.Debug|iPhoneSimulator.Build.0 = Debug|Any CPU
		{20637467-C291-4FDB-BFCF-58B22CAD9FC7}.Debug|iPhoneSimulator.Deploy.0 = Debug|Any CPU
		{20637467-C291-4FDB-BFCF-58B22CAD9FC7}.Debug|x64.ActiveCfg = Debug|Any CPU
		{20637467-C291-4FDB-BFCF-58B22CAD9FC7}.Debug|x64.Build.0 = Debug|Any CPU
		{20637467-C291-4FDB-BFCF-58B22CAD9FC7}.Debug|x64.Deploy.0 = Debug|Any CPU
		{20637467-C291-4FDB-BFCF-58B22CAD9FC7}.Debug|x86.ActiveCfg = Debug|Any CPU
		{20637467-C291-4FDB-BFCF-58B22CAD9FC7}.Debug|x86.Build.0 = Debug|Any CPU
		{20637467-C291-4FDB-BFCF-58B22CAD9FC7}.Debug|x86.Deploy.0 = Debug|Any CPU
		{20637467-C291-4FDB-BFCF-58B22CAD9FC7}.Release|Any CPU.ActiveCfg = Release|Any CPU
		{20637467-C291-4FDB-BFCF-58B22CAD9FC7}.Release|Any CPU.Build.0 = Release|Any CPU
		{20637467-C291-4FDB-BFCF-58B22CAD9FC7}.Release|Any CPU.Deploy.0 = Release|Any CPU
		{20637467-C291-4FDB-BFCF-58B22CAD9FC7}.Release|ARM.ActiveCfg = Release|Any CPU
		{20637467-C291-4FDB-BFCF-58B22CAD9FC7}.Release|ARM.Build.0 = Release|Any CPU
		{20637467-C291-4FDB-BFCF-58B22CAD9FC7}.Release|ARM.Deploy.0 = Release|Any CPU
		{20637467-C291-4FDB-BFCF-58B22CAD9FC7}.Release|iPhone.ActiveCfg = Release|Any CPU
		{20637467-C291-4FDB-BFCF-58B22CAD9FC7}.Release|iPhone.Build.0 = Release|Any CPU
		{20637467-C291-4FDB-BFCF-58B22CAD9FC7}.Release|iPhone.Deploy.0 = Release|Any CPU
		{20637467-C291-4FDB-BFCF-58B22CAD9FC7}.Release|iPhoneSimulator.ActiveCfg = Release|Any CPU
		{20637467-C291-4FDB-BFCF-58B22CAD9FC7}.Release|iPhoneSimulator.Build.0 = Release|Any CPU
		{20637467-C291-4FDB-BFCF-58B22CAD9FC7}.Release|iPhoneSimulator.Deploy.0 = Release|Any CPU
		{20637467-C291-4FDB-BFCF-58B22CAD9FC7}.Release|x64.ActiveCfg = Release|Any CPU
		{20637467-C291-4FDB-BFCF-58B22CAD9FC7}.Release|x64.Build.0 = Release|Any CPU
		{20637467-C291-4FDB-BFCF-58B22CAD9FC7}.Release|x64.Deploy.0 = Release|Any CPU
		{20637467-C291-4FDB-BFCF-58B22CAD9FC7}.Release|x86.ActiveCfg = Release|Any CPU
		{20637467-C291-4FDB-BFCF-58B22CAD9FC7}.Release|x86.Build.0 = Release|Any CPU
		{20637467-C291-4FDB-BFCF-58B22CAD9FC7}.Release|x86.Deploy.0 = Release|Any CPU
	EndGlobalSection
	GlobalSection(SolutionProperties) = preSolution
		HideSolutionNode = FALSE
	EndGlobalSection
	GlobalSection(ExtensibilityGlobals) = postSolution
		SolutionGuid = {B43F3CFB-48E1-4976-B8BA-B40BD7D9EEA1}
	EndGlobalSection
EndGlobal
